
Microsoft Visual Studio Solution File, Format Version 12.00
# Visual Studio Version 16
VisualStudioVersion = 16.0.29519.87
MinimumVisualStudioVersion = 10.0.40219.1
Project("{FAE04EC0-301F-11D3-BF4B-00C04F79EFBC}") = "BTTestAppl", "BTTestAppl\BTTestAppl.csproj", "{260ECBF7-C19D-4424-8F0C-E41400643CA4}"
EndProject
Global
	GlobalSection(SolutionConfigurationPlatforms) = preSolution
		Debug|Any CPU = Debug|Any CPU
		Release|Any CPU = Release|Any CPU
	EndGlobalSection
	GlobalSection(ProjectConfigurationPlatforms) = postSolution
		{260ECBF7-C19D-4424-8F0C-E41400643CA4}.Debug|Any CPU.ActiveCfg = Debug|Any CPU
		{260ECBF7-C19D-4424-8F0C-E41400643CA4}.Debug|Any CPU.Build.0 = Debug|Any CPU
		{260ECBF7-C19D-4424-8F0C-E41400643CA4}.Release|Any CPU.ActiveCfg = Release|Any CPU
		{260ECBF7-C19D-4424-8F0C-E41400643CA4}.Release|Any CPU.Build.0 = Release|Any CPU
	EndGlobalSection
	GlobalSection(SolutionProperties) = preSolution
		HideSolutionNode = FALSE
	EndGlobalSection
	GlobalSection(ExtensibilityGlobals) = postSolution
		SolutionGuid = {5C6EA57F-9680-43C2-B208-15358837DC93}
	EndGlobalSection
EndGlobal
